// !$*UTF8*$!
{
	archiveVersion = 1;
	classes = {
	};
	objectVersion = 55;
	objects = {

/* Begin PBXBuildFile section */
		BD9D06EA2899777900D745EE /* long-lines-straight-line-transparent-7.png in Resources */ = {isa = PBXBuildFile; fileRef = BD9D06E92899777900D745EE /* long-lines-straight-line-transparent-7.png */; };
		BD9D06EF28997DF100D745EE /* Screen Shot 2022-08-02 at 11.44.02 AM.png in Resources */ = {isa = PBXBuildFile; fileRef = BD9D06EE28997DF100D745EE /* Screen Shot 2022-08-02 at 11.44.02 AM.png */; };
		BD9D06F32899812100D745EE /* profile.png in Resources */ = {isa = PBXBuildFile; fileRef = BD9D06F22899812100D745EE /* profile.png */; };
		BDD49C702898621E00298E13 /* AppDelegate.swift in Sources */ = {isa = PBXBuildFile; fileRef = BDD49C6F2898621E00298E13 /* AppDelegate.swift */; };
		BDD49C722898621E00298E13 /* SceneDelegate.swift in Sources */ = {isa = PBXBuildFile; fileRef = BDD49C712898621E00298E13 /* SceneDelegate.swift */; };
		BDD49C742898621E00298E13 /* ViewController.swift in Sources */ = {isa = PBXBuildFile; fileRef = BDD49C732898621E00298E13 /* ViewController.swift */; };
		BDD49C772898621E00298E13 /* Main.storyboard in Resources */ = {isa = PBXBuildFile; fileRef = BDD49C752898621E00298E13 /* Main.storyboard */; };
		BDD49C7A2898621E00298E13 /* ToDoYourPart.xcdatamodeld in Sources */ = {isa = PBXBuildFile; fileRef = BDD49C782898621E00298E13 /* ToDoYourPart.xcdatamodeld */; };
		BDD49C7C2898621F00298E13 /* Assets.xcassets in Resources */ = {isa = PBXBuildFile; fileRef = BDD49C7B2898621F00298E13 /* Assets.xcassets */; };
		BDD49C7F2898621F00298E13 /* LaunchScreen.storyboard in Resources */ = {isa = PBXBuildFile; fileRef = BDD49C7D2898621F00298E13 /* LaunchScreen.storyboard */; };
		BDD49C8A2898621F00298E13 /* ToDoYourPartTests.swift in Sources */ = {isa = PBXBuildFile; fileRef = BDD49C892898621F00298E13 /* ToDoYourPartTests.swift */; };
		BDD49C942898621F00298E13 /* ToDoYourPartUITests.swift in Sources */ = {isa = PBXBuildFile; fileRef = BDD49C932898621F00298E13 /* ToDoYourPartUITests.swift */; };
		BDD49C962898621F00298E13 /* ToDoYourPartUITestsLaunchTests.swift in Sources */ = {isa = PBXBuildFile; fileRef = BDD49C952898621F00298E13 /* ToDoYourPartUITestsLaunchTests.swift */; };
/* End PBXBuildFile section */

/* Begin PBXContainerItemProxy section */
		BDD49C862898621F00298E13 /* PBXContainerItemProxy */ = {
			isa = PBXContainerItemProxy;
			containerPortal = BDD49C642898621E00298E13 /* Project object */;
			proxyType = 1;
			remoteGlobalIDString = BDD49C6B2898621E00298E13;
			remoteInfo = ToDoYourPart;
		};
		BDD49C902898621F00298E13 /* PBXContainerItemProxy */ = {
			isa = PBXContainerItemProxy;
			containerPortal = BDD49C642898621E00298E13 /* Project object */;
			proxyType = 1;
			remoteGlobalIDString = BDD49C6B2898621E00298E13;
			remoteInfo = ToDoYourPart;
		};
/* End PBXContainerItemProxy section */

/* Begin PBXFileReference section */
		BD9D06E92899777900D745EE /* long-lines-straight-line-transparent-7.png */ = {isa = PBXFileReference; lastKnownFileType = image.png; path = "long-lines-straight-line-transparent-7.png"; sourceTree = "<group>"; };
		BD9D06ED28997D0E00D745EE /* cam.webp */ = {isa = PBXFileReference; lastKnownFileType = file; path = cam.webp; sourceTree = "<group>"; };
		BD9D06EE28997DF100D745EE /* Screen Shot 2022-08-02 at 11.44.02 AM.png */ = {isa = PBXFileReference; lastKnownFileType = image.png; path = "Screen Shot 2022-08-02 at 11.44.02 AM.png"; sourceTree = "<group>"; };
		BD9D06F22899812100D745EE /* profile.png */ = {isa = PBXFileReference; lastKnownFileType = image.png; path = profile.png; sourceTree = "<group>"; };
		BDD49C6C2898621E00298E13 /* ToDoYourPart.app */ = {isa = PBXFileReference; explicitFileType = wrapper.application; includeInIndex = 0; path = ToDoYourPart.app; sourceTree = BUILT_PRODUCTS_DIR; };
		BDD49C6F2898621E00298E13 /* AppDelegate.swift */ = {isa = PBXFileReference; lastKnownFileType = sourcecode.swift; path = AppDelegate.swift; sourceTree = "<group>"; };
		BDD49C712898621E00298E13 /* SceneDelegate.swift */ = {isa = PBXFileReference; lastKnownFileType = sourcecode.swift; path = SceneDelegate.swift; sourceTree = "<group>"; };
		BDD49C732898621E00298E13 /* ViewController.swift */ = {isa = PBXFileReference; lastKnownFileType = sourcecode.swift; path = ViewController.swift; sourceTree = "<group>"; };
		BDD49C762898621E00298E13 /* Base */ = {isa = PBXFileReference; lastKnownFileType = file.storyboard; name = Base; path = Base.lproj/Main.storyboard; sourceTree = "<group>"; };
		BDD49C792898621E00298E13 /* ToDoYourPart.xcdatamodel */ = {isa = PBXFileReference; lastKnownFileType = wrapper.xcdatamodel; path = ToDoYourPart.xcdatamodel; sourceTree = "<group>"; };
		BDD49C7B2898621F00298E13 /* Assets.xcassets */ = {isa = PBXFileReference; lastKnownFileType = folder.assetcatalog; path = Assets.xcassets; sourceTree = "<group>"; };
		BDD49C7E2898621F00298E13 /* Base */ = {isa = PBXFileReference; lastKnownFileType = file.storyboard; name = Base; path = Base.lproj/LaunchScreen.storyboard; sourceTree = "<group>"; };
		BDD49C802898621F00298E13 /* Info.plist */ = {isa = PBXFileReference; lastKnownFileType = text.plist.xml; path = Info.plist; sourceTree = "<group>"; };
		BDD49C852898621F00298E13 /* ToDoYourPartTests.xctest */ = {isa = PBXFileReference; explicitFileType = wrapper.cfbundle; includeInIndex = 0; path = ToDoYourPartTests.xctest; sourceTree = BUILT_PRODUCTS_DIR; };
		BDD49C892898621F00298E13 /* ToDoYourPartTests.swift */ = {isa = PBXFileReference; lastKnownFileType = sourcecode.swift; path = ToDoYourPartTests.swift; sourceTree = "<group>"; };
		BDD49C8F2898621F00298E13 /* ToDoYourPartUITests.xctest */ = {isa = PBXFileReference; explicitFileType = wrapper.cfbundle; includeInIndex = 0; path = ToDoYourPartUITests.xctest; sourceTree = BUILT_PRODUCTS_DIR; };
		BDD49C932898621F00298E13 /* ToDoYourPartUITests.swift */ = {isa = PBXFileReference; lastKnownFileType = sourcecode.swift; path = ToDoYourPartUITests.swift; sourceTree = "<group>"; };
		BDD49C952898621F00298E13 /* ToDoYourPartUITestsLaunchTests.swift */ = {isa = PBXFileReference; lastKnownFileType = sourcecode.swift; path = ToDoYourPartUITestsLaunchTests.swift; sourceTree = "<group>"; };
/* End PBXFileReference section */

/* Begin PBXFrameworksBuildPhase section */
		BDD49C692898621E00298E13 /* Frameworks */ = {
			isa = PBXFrameworksBuildPhase;
			buildActionMask = 2147483647;
			files = (
			);
			runOnlyForDeploymentPostprocessing = 0;
		};
		BDD49C822898621F00298E13 /* Frameworks */ = {
			isa = PBXFrameworksBuildPhase;
			buildActionMask = 2147483647;
			files = (
			);
			runOnlyForDeploymentPostprocessing = 0;
		};
		BDD49C8C2898621F00298E13 /* Frameworks */ = {
			isa = PBXFrameworksBuildPhase;
			buildActionMask = 2147483647;
			files = (
			);
			runOnlyForDeploymentPostprocessing = 0;
		};
/* End PBXFrameworksBuildPhase section */

/* Begin PBXGroup section */
		BDD49C632898621E00298E13 = {
			isa = PBXGroup;
			children = (
				BDD49C6E2898621E00298E13 /* ToDoYourPart */,
				BDD49C882898621F00298E13 /* ToDoYourPartTests */,
				BDD49C922898621F00298E13 /* ToDoYourPartUITests */,
				BDD49C6D2898621E00298E13 /* Products */,
			);
			sourceTree = "<group>";
		};
		BDD49C6D2898621E00298E13 /* Products */ = {
			isa = PBXGroup;
			children = (
				BDD49C6C2898621E00298E13 /* ToDoYourPart.app */,
				BDD49C852898621F00298E13 /* ToDoYourPartTests.xctest */,
				BDD49C8F2898621F00298E13 /* ToDoYourPartUITests.xctest */,
			);
			name = Products;
			sourceTree = "<group>";
		};
		BDD49C6E2898621E00298E13 /* ToDoYourPart */ = {
			isa = PBXGroup;
			children = (
				BD9D06E92899777900D745EE /* long-lines-straight-line-transparent-7.png */,
				BDD49C6F2898621E00298E13 /* AppDelegate.swift */,
				BDD49C712898621E00298E13 /* SceneDelegate.swift */,
				BDD49C732898621E00298E13 /* ViewController.swift */,
				BDD49C752898621E00298E13 /* Main.storyboard */,
				BDD49C7B2898621F00298E13 /* Assets.xcassets */,
				BDD49C7D2898621F00298E13 /* LaunchScreen.storyboard */,
				BDD49C802898621F00298E13 /* Info.plist */,
				BDD49C782898621E00298E13 /* ToDoYourPart.xcdatamodeld */,
				BD9D06ED28997D0E00D745EE /* cam.webp */,
				BD9D06F22899812100D745EE /* profile.png */,
				BD9D06EE28997DF100D745EE /* Screen Shot 2022-08-02 at 11.44.02 AM.png */,
			);
			path = ToDoYourPart;
			sourceTree = "<group>";
		};
		BDD49C882898621F00298E13 /* ToDoYourPartTests */ = {
			isa = PBXGroup;
			children = (
				BDD49C892898621F00298E13 /* ToDoYourPartTests.swift */,
			);
			path = ToDoYourPartTests;
			sourceTree = "<group>";
		};
		BDD49C922898621F00298E13 /* ToDoYourPartUITests */ = {
			isa = PBXGroup;
			children = (
				BDD49C932898621F00298E13 /* ToDoYourPartUITests.swift */,
				BDD49C952898621F00298E13 /* ToDoYourPartUITestsLaunchTests.swift */,
			);
			path = ToDoYourPartUITests;
			sourceTree = "<group>";
		};
/* End PBXGroup section */

/* Begin PBXNativeTarget section */
		BDD49C6B2898621E00298E13 /* ToDoYourPart */ = {
			isa = PBXNativeTarget;
			buildConfigurationList = BDD49C992898621F00298E13 /* Build configuration list for PBXNativeTarget "ToDoYourPart" */;
			buildPhases = (
				BDD49C682898621E00298E13 /* Sources */,
				BDD49C692898621E00298E13 /* Frameworks */,
				BDD49C6A2898621E00298E13 /* Resources */,
			);
			buildRules = (
			);
			dependencies = (
			);
			name = ToDoYourPart;
			productName = ToDoYourPart;
			productReference = BDD49C6C2898621E00298E13 /* ToDoYourPart.app */;
			productType = "com.apple.product-type.application";
		};
		BDD49C842898621F00298E13 /* ToDoYourPartTests */ = {
			isa = PBXNativeTarget;
			buildConfigurationList = BDD49C9C2898621F00298E13 /* Build configuration list for PBXNativeTarget "ToDoYourPartTests" */;
			buildPhases = (
				BDD49C812898621F00298E13 /* Sources */,
				BDD49C822898621F00298E13 /* Frameworks */,
				BDD49C832898621F00298E13 /* Resources */,
			);
			buildRules = (
			);
			dependencies = (
				BDD49C872898621F00298E13 /* PBXTargetDependency */,
			);
			name = ToDoYourPartTests;
			productName = ToDoYourPartTests;
			productReference = BDD49C852898621F00298E13 /* ToDoYourPartTests.xctest */;
			productType = "com.apple.product-type.bundle.unit-test";
		};
		BDD49C8E2898621F00298E13 /* ToDoYourPartUITests */ = {
			isa = PBXNativeTarget;
			buildConfigurationList = BDD49C9F2898621F00298E13 /* Build configuration list for PBXNativeTarget "ToDoYourPartUITests" */;
			buildPhases = (
				BDD49C8B2898621F00298E13 /* Sources */,
				BDD49C8C2898621F00298E13 /* Frameworks */,
				BDD49C8D2898621F00298E13 /* Resources */,
			);
			buildRules = (
			);
			dependencies = (
				BDD49C912898621F00298E13 /* PBXTargetDependency */,
			);
			name = ToDoYourPartUITests;
			productName = ToDoYourPartUITests;
			productReference = BDD49C8F2898621F00298E13 /* ToDoYourPartUITests.xctest */;
			productType = "com.apple.product-type.bundle.ui-testing";
		};
/* End PBXNativeTarget section */

/* Begin PBXProject section */
		BDD49C642898621E00298E13 /* Project object */ = {
			isa = PBXProject;
			attributes = {
				BuildIndependentTargetsInParallel = 1;
				LastSwiftUpdateCheck = 1340;
				LastUpgradeCheck = 1340;
				TargetAttributes = {
					BDD49C6B2898621E00298E13 = {
						CreatedOnToolsVersion = 13.4.1;
					};
					BDD49C842898621F00298E13 = {
						CreatedOnToolsVersion = 13.4.1;
						TestTargetID = BDD49C6B2898621E00298E13;
					};
					BDD49C8E2898621F00298E13 = {
						CreatedOnToolsVersion = 13.4.1;
						TestTargetID = BDD49C6B2898621E00298E13;
					};
				};
			};
			buildConfigurationList = BDD49C672898621E00298E13 /* Build configuration list for PBXProject "ToDoYourPart" */;
			compatibilityVersion = "Xcode 13.0";
			developmentRegion = en;
			hasScannedForEncodings = 0;
			knownRegions = (
				en,
				Base,
			);
			mainGroup = BDD49C632898621E00298E13;
			productRefGroup = BDD49C6D2898621E00298E13 /* Products */;
			projectDirPath = "";
			projectRoot = "";
			targets = (
				BDD49C6B2898621E00298E13 /* ToDoYourPart */,
				BDD49C842898621F00298E13 /* ToDoYourPartTests */,
				BDD49C8E2898621F00298E13 /* ToDoYourPartUITests */,
			);
		};
/* End PBXProject section */

/* Begin PBXResourcesBuildPhase section */
		BDD49C6A2898621E00298E13 /* Resources */ = {
			isa = PBXResourcesBuildPhase;
			buildActionMask = 2147483647;
			files = (
				BD9D06EA2899777900D745EE /* long-lines-straight-line-transparent-7.png in Resources */,
				BD9D06F32899812100D745EE /* profile.png in Resources */,
				BDD49C7F2898621F00298E13 /* LaunchScreen.storyboard in Resources */,
				BD9D06EF28997DF100D745EE /* Screen Shot 2022-08-02 at 11.44.02 AM.png in Resources */,
				BDD49C7C2898621F00298E13 /* Assets.xcassets in Resources */,
				BDD49C772898621E00298E13 /* Main.storyboard in Resources */,
			);
			runOnlyForDeploymentPostprocessing = 0;
		};
		BDD49C832898621F00298E13 /* Resources */ = {
			isa = PBXResourcesBuildPhase;
			buildActionMask = 2147483647;
			files = (
			);
			runOnlyForDeploymentPostprocessing = 0;
		};
		BDD49C8D2898621F00298E13 /* Resources */ = {
			isa = PBXResourcesBuildPhase;
			buildActionMask = 2147483647;
			files = (
			);
			runOnlyForDeploymentPostprocessing = 0;
		};
/* End PBXResourcesBuildPhase section */

/* Begin PBXSourcesBuildPhase section */
		BDD49C682898621E00298E13 /* Sources */ = {
			isa = PBXSourcesBuildPhase;
			buildActionMask = 2147483647;
			files = (
				BDD49C742898621E00298E13 /* ViewController.swift in Sources */,
				BDD49C7A2898621E00298E13 /* ToDoYourPart.xcdatamodeld in Sources */,
				BDD49C702898621E00298E13 /* AppDelegate.swift in Sources */,
				BDD49C722898621E00298E13 /* SceneDelegate.swift in Sources */,
			);
			runOnlyForDeploymentPostprocessing = 0;
		};
		BDD49C812898621F00298E13 /* Sources */ = {
			isa = PBXSourcesBuildPhase;
			buildActionMask = 2147483647;
			files = (
				BDD49C8A2898621F00298E13 /* ToDoYourPartTests.swift in Sources */,
			);
			runOnlyForDeploymentPostprocessing = 0;
		};
		BDD49C8B2898621F00298E13 /* Sources */ = {
			isa = PBXSourcesBuildPhase;
			buildActionMask = 2147483647;
			files = (
				BDD49C962898621F00298E13 /* ToDoYourPartUITestsLaunchTests.swift in Sources */,
				BDD49C942898621F00298E13 /* ToDoYourPartUITests.swift in Sources */,
			);
			runOnlyForDeploymentPostprocessing = 0;
		};
/* End PBXSourcesBuildPhase section */

/* Begin PBXTargetDependency section */
		BDD49C872898621F00298E13 /* PBXTargetDependency */ = {
			isa = PBXTargetDependency;
			target = BDD49C6B2898621E00298E13 /* ToDoYourPart */;
			targetProxy = BDD49C862898621F00298E13 /* PBXContainerItemProxy */;
		};
		BDD49C912898621F00298E13 /* PBXTargetDependency */ = {
			isa = PBXTargetDependency;
			target = BDD49C6B2898621E00298E13 /* ToDoYourPart */;
			targetProxy = BDD49C902898621F00298E13 /* PBXContainerItemProxy */;
		};
/* End PBXTargetDependency section */

/* Begin PBXVariantGroup section */
		BDD49C752898621E00298E13 /* Main.storyboard */ = {
			isa = PBXVariantGroup;
			children = (
				BDD49C762898621E00298E13 /* Base */,
			);
			name = Main.storyboard;
			sourceTree = "<group>";
		};
		BDD49C7D2898621F00298E13 /* LaunchScreen.storyboard */ = {
			isa = PBXVariantGroup;
			children = (
				BDD49C7E2898621F00298E13 /* Base */,
			);
			name = LaunchScreen.storyboard;
			sourceTree = "<group>";
		};
/* End PBXVariantGroup section */

/* Begin XCBuildConfiguration section */
		BDD49C972898621F00298E13 /* Debug */ = {
			isa = XCBuildConfiguration;
			buildSettings = {
				ALWAYS_SEARCH_USER_PATHS = NO;
				CLANG_ANALYZER_NONNULL = YES;
				CLANG_ANALYZER_NUMBER_OBJECT_CONVERSION = YES_AGGRESSIVE;
				CLANG_CXX_LANGUAGE_STANDARD = "gnu++17";
				CLANG_ENABLE_MODULES = YES;
				CLANG_ENABLE_OBJC_ARC = YES;
				CLANG_ENABLE_OBJC_WEAK = YES;
				CLANG_WARN_BLOCK_CAPTURE_AUTORELEASING = YES;
				CLANG_WARN_BOOL_CONVERSION = YES;
				CLANG_WARN_COMMA = YES;
				CLANG_WARN_CONSTANT_CONVERSION = YES;
				CLANG_WARN_DEPRECATED_OBJC_IMPLEMENTATIONS = YES;
				CLANG_WARN_DIRECT_OBJC_ISA_USAGE = YES_ERROR;
				CLANG_WARN_DOCUMENTATION_COMMENTS = YES;
				CLANG_WARN_EMPTY_BODY = YES;
				CLANG_WARN_ENUM_CONVERSION = YES;
				CLANG_WARN_INFINITE_RECURSION = YES;
				CLANG_WARN_INT_CONVERSION = YES;
				CLANG_WARN_NON_LITERAL_NULL_CONVERSION = YES;
				CLANG_WARN_OBJC_IMPLICIT_RETAIN_SELF = YES;
				CLANG_WARN_OBJC_LITERAL_CONVERSION = YES;
				CLANG_WARN_OBJC_ROOT_CLASS = YES_ERROR;
				CLANG_WARN_QUOTED_INCLUDE_IN_FRAMEWORK_HEADER = YES;
				CLANG_WARN_RANGE_LOOP_ANALYSIS = YES;
				CLANG_WARN_STRICT_PROTOTYPES = YES;
				CLANG_WARN_SUSPICIOUS_MOVE = YES;
				CLANG_WARN_UNGUARDED_AVAILABILITY = YES_AGGRESSIVE;
				CLANG_WARN_UNREACHABLE_CODE = YES;
				CLANG_WARN__DUPLICATE_METHOD_MATCH = YES;
				COPY_PHASE_STRIP = NO;
				DEBUG_INFORMATION_FORMAT = dwarf;
				ENABLE_STRICT_OBJC_MSGSEND = YES;
				ENABLE_TESTABILITY = YES;
				GCC_C_LANGUAGE_STANDARD = gnu11;
				GCC_DYNAMIC_NO_PIC = NO;
				GCC_NO_COMMON_BLOCKS = YES;
				GCC_OPTIMIZATION_LEVEL = 0;
				GCC_PREPROCESSOR_DEFINITIONS = (
					"DEBUG=1",
					"$(inherited)",
				);
				GCC_WARN_64_TO_32_BIT_CONVERSION = YES;
				GCC_WARN_ABOUT_RETURN_TYPE = YES_ERROR;
				GCC_WARN_UNDECLARED_SELECTOR = YES;
				GCC_WARN_UNINITIALIZED_AUTOS = YES_AGGRESSIVE;
				GCC_WARN_UNUSED_FUNCTION = YES;
				GCC_WARN_UNUSED_VARIABLE = YES;
				IPHONEOS_DEPLOYMENT_TARGET = 15.5;
				MTL_ENABLE_DEBUG_INFO = INCLUDE_SOURCE;
				MTL_FAST_MATH = YES;
				ONLY_ACTIVE_ARCH = YES;
				SDKROOT = iphoneos;
				SWIFT_ACTIVE_COMPILATION_CONDITIONS = DEBUG;
				SWIFT_OPTIMIZATION_LEVEL = "-Onone";
			};
			name = Debug;
		};
		BDD49C982898621F00298E13 /* Release */ = {
			isa = XCBuildConfiguration;
			buildSettings = {
				ALWAYS_SEARCH_USER_PATHS = NO;
				CLANG_ANALYZER_NONNULL = YES;
				CLANG_ANALYZER_NUMBER_OBJECT_CONVERSION = YES_AGGRESSIVE;
				CLANG_CXX_LANGUAGE_STANDARD = "gnu++17";
				CLANG_ENABLE_MODULES = YES;
				CLANG_ENABLE_OBJC_ARC = YES;
				CLANG_ENABLE_OBJC_WEAK = YES;
				CLANG_WARN_BLOCK_CAPTURE_AUTORELEASING = YES;
				CLANG_WARN_BOOL_CONVERSION = YES;
				CLANG_WARN_COMMA = YES;
				CLANG_WARN_CONSTANT_CONVERSION = YES;
				CLANG_WARN_DEPRECATED_OBJC_IMPLEMENTATIONS = YES;
				CLANG_WARN_DIRECT_OBJC_ISA_USAGE = YES_ERROR;
				CLANG_WARN_DOCUMENTATION_COMMENTS = YES;
				CLANG_WARN_EMPTY_BODY = YES;
				CLANG_WARN_ENUM_CONVERSION = YES;
				CLANG_WARN_INFINITE_RECURSION = YES;
				CLANG_WARN_INT_CONVERSION = YES;
				CLANG_WARN_NON_LITERAL_NULL_CONVERSION = YES;
				CLANG_WARN_OBJC_IMPLICIT_RETAIN_SELF = YES;
				CLANG_WARN_OBJC_LITERAL_CONVERSION = YES;
				CLANG_WARN_OBJC_ROOT_CLASS = YES_ERROR;
				CLANG_WARN_QUOTED_INCLUDE_IN_FRAMEWORK_HEADER = YES;
				CLANG_WARN_RANGE_LOOP_ANALYSIS = YES;
				CLANG_WARN_STRICT_PROTOTYPES = YES;
				CLANG_WARN_SUSPICIOUS_MOVE = YES;
				CLANG_WARN_UNGUARDED_AVAILABILITY = YES_AGGRESSIVE;
				CLANG_WARN_UNREACHABLE_CODE = YES;
				CLANG_WARN__DUPLICATE_METHOD_MATCH = YES;
				COPY_PHASE_STRIP = NO;
				DEBUG_INFORMATION_FORMAT = "dwarf-with-dsym";
				ENABLE_NS_ASSERTIONS = NO;
				ENABLE_STRICT_OBJC_MSGSEND = YES;
				GCC_C_LANGUAGE_STANDARD = gnu11;
				GCC_NO_COMMON_BLOCKS = YES;
				GCC_WARN_64_TO_32_BIT_CONVERSION = YES;
				GCC_WARN_ABOUT_RETURN_TYPE = YES_ERROR;
				GCC_WARN_UNDECLARED_SELECTOR = YES;
				GCC_WARN_UNINITIALIZED_AUTOS = YES_AGGRESSIVE;
				GCC_WARN_UNUSED_FUNCTION = YES;
				GCC_WARN_UNUSED_VARIABLE = YES;
				IPHONEOS_DEPLOYMENT_TARGET = 15.5;
				MTL_ENABLE_DEBUG_INFO = NO;
				MTL_FAST_MATH = YES;
				SDKROOT = iphoneos;
				SWIFT_COMPILATION_MODE = wholemodule;
				SWIFT_OPTIMIZATION_LEVEL = "-O";
				VALIDATE_PRODUCT = YES;
			};
			name = Release;
		};
		BDD49C9A2898621F00298E13 /* Debug */ = {
			isa = XCBuildConfiguration;
			buildSettings = {
				ASSETCATALOG_COMPILER_APPICON_NAME = AppIcon;
				ASSETCATALOG_COMPILER_GLOBAL_ACCENT_COLOR_NAME = AccentColor;
				CODE_SIGN_STYLE = Automatic;
				CURRENT_PROJECT_VERSION = 1;
				GENERATE_INFOPLIST_FILE = YES;
				INFOPLIST_FILE = ToDoYourPart/Info.plist;
				INFOPLIST_KEY_UIApplicationSupportsIndirectInputEvents = YES;
				INFOPLIST_KEY_UILaunchStoryboardName = LaunchScreen;
				INFOPLIST_KEY_UIMainStoryboardFile = Main;
				INFOPLIST_KEY_UISupportedInterfaceOrientations_iPad = "UIInterfaceOrientationPortrait UIInterfaceOrientationPortraitUpsideDown UIInterfaceOrientationLandscapeLeft UIInterfaceOrientationLandscapeRight";
				INFOPLIST_KEY_UISupportedInterfaceOrientations_iPhone = "UIInterfaceOrientationPortrait UIInterfaceOrientationLandscapeLeft UIInterfaceOrientationLandscapeRight";
				LD_RUNPATH_SEARCH_PATHS = (
					"$(inherited)",
					"@executable_path/Frameworks",
				);
				MARKETING_VERSION = 1.0;
				PRODUCT_BUNDLE_IDENTIFIER = A.A.ToDoYourPart;
				PRODUCT_NAME = "$(TARGET_NAME)";
				SWIFT_EMIT_LOC_STRINGS = YES;
				SWIFT_VERSION = 5.0;
				TARGETED_DEVICE_FAMILY = "1,2";
			};
			name = Debug;
		};
		BDD49C9B2898621F00298E13 /* Release */ = {
			isa = XCBuildConfiguration;
			buildSettings = {
				ASSETCATALOG_COMPILER_APPICON_NAME = AppIcon;
				ASSETCATALOG_COMPILER_GLOBAL_ACCENT_COLOR_NAME = AccentColor;
				CODE_SIGN_STYLE = Automatic;
				CURRENT_PROJECT_VERSION = 1;
				GENERATE_INFOPLIST_FILE = YES;
				INFOPLIST_FILE = ToDoYourPart/Info.plist;
				INFOPLIST_KEY_UIApplicationSupportsIndirectInputEvents = YES;
				INFOPLIST_KEY_UILaunchStoryboardName = LaunchScreen;
				INFOPLIST_KEY_UIMainStoryboardFile = Main;
				INFOPLIST_KEY_UISupportedInterfaceOrientations_iPad = "UIInterfaceOrientationPortrait UIInterfaceOrientationPortraitUpsideDown UIInterfaceOrientationLandscapeLeft UIInterfaceOrientationLandscapeRight";
				INFOPLIST_KEY_UISupportedInterfaceOrientations_iPhone = "UIInterfaceOrientationPortrait UIInterfaceOrientationLandscapeLeft UIInterfaceOrientationLandscapeRight";
				LD_RUNPATH_SEARCH_PATHS = (
					"$(inherited)",
					"@executable_path/Frameworks",
				);
				MARKETING_VERSION = 1.0;
				PRODUCT_BUNDLE_IDENTIFIER = A.A.ToDoYourPart;
				PRODUCT_NAME = "$(TARGET_NAME)";
				SWIFT_EMIT_LOC_STRINGS = YES;
				SWIFT_VERSION = 5.0;
				TARGETED_DEVICE_FAMILY = "1,2";
			};
			name = Release;
		};
		BDD49C9D2898621F00298E13 /* Debug */ = {
			isa = XCBuildConfiguration;
			buildSettings = {
				ALWAYS_EMBED_SWIFT_STANDARD_LIBRARIES = YES;
				BUNDLE_LOADER = "$(TEST_HOST)";
				CODE_SIGN_STYLE = Automatic;
				CURRENT_PROJECT_VERSION = 1;
				GENERATE_INFOPLIST_FILE = YES;
				IPHONEOS_DEPLOYMENT_TARGET = 15.5;
				MARKETING_VERSION = 1.0;
				PRODUCT_BUNDLE_IDENTIFIER = A.A.ToDoYourPartTests;
				PRODUCT_NAME = "$(TARGET_NAME)";
				SWIFT_EMIT_LOC_STRINGS = NO;
				SWIFT_VERSION = 5.0;
				TARGETED_DEVICE_FAMILY = "1,2";
				TEST_HOST = "$(BUILT_PRODUCTS_DIR)/ToDoYourPart.app/ToDoYourPart";
			};
			name = Debug;
		};
		BDD49C9E2898621F00298E13 /* Release */ = {
			isa = XCBuildConfiguration;
			buildSettings = {
				ALWAYS_EMBED_SWIFT_STANDARD_LIBRARIES = YES;
				BUNDLE_LOADER = "$(TEST_HOST)";
				CODE_SIGN_STYLE = Automatic;
				CURRENT_PROJECT_VERSION = 1;
				GENERATE_INFOPLIST_FILE = YES;
				IPHONEOS_DEPLOYMENT_TARGET = 15.5;
				MARKETING_VERSION = 1.0;
				PRODUCT_BUNDLE_IDENTIFIER = A.A.ToDoYourPartTests;
				PRODUCT_NAME = "$(TARGET_NAME)";
				SWIFT_EMIT_LOC_STRINGS = NO;
				SWIFT_VERSION = 5.0;
				TARGETED_DEVICE_FAMILY = "1,2";
				TEST_HOST = "$(BUILT_PRODUCTS_DIR)/ToDoYourPart.app/ToDoYourPart";
			};
			name = Release;
		};
		BDD49CA02898621F00298E13 /* Debug */ = {
			isa = XCBuildConfiguration;
			buildSettings = {
				ALWAYS_EMBED_SWIFT_STANDARD_LIBRARIES = YES;
				CODE_SIGN_STYLE = Automatic;
				CURRENT_PROJECT_VERSION = 1;
				GENERATE_INFOPLIST_FILE = YES;
				MARKETING_VERSION = 1.0;
				PRODUCT_BUNDLE_IDENTIFIER = A.A.ToDoYourPartUITests;
				PRODUCT_NAME = "$(TARGET_NAME)";
				SWIFT_EMIT_LOC_STRINGS = NO;
				SWIFT_VERSION = 5.0;
				TARGETED_DEVICE_FAMILY = "1,2";
				TEST_TARGET_NAME = ToDoYourPart;
			};
			name = Debug;
		};
		BDD49CA12898621F00298E13 /* Release */ = {
			isa = XCBuildConfiguration;
			buildSettings = {
				ALWAYS_EMBED_SWIFT_STANDARD_LIBRARIES = YES;
				CODE_SIGN_STYLE = Automatic;
				CURRENT_PROJECT_VERSION = 1;
				GENERATE_INFOPLIST_FILE = YES;
				MARKETING_VERSION = 1.0;
				PRODUCT_BUNDLE_IDENTIFIER = A.A.ToDoYourPartUITests;
				PRODUCT_NAME = "$(TARGET_NAME)";
				SWIFT_EMIT_LOC_STRINGS = NO;
				SWIFT_VERSION = 5.0;
				TARGETED_DEVICE_FAMILY = "1,2";
				TEST_TARGET_NAME = ToDoYourPart;
			};
			name = Release;
		};
/* End XCBuildConfiguration section */

/* Begin XCConfigurationList section */
		BDD49C672898621E00298E13 /* Build configuration list for PBXProject "ToDoYourPart" */ = {
			isa = XCConfigurationList;
			buildConfigurations = (
				BDD49C972898621F00298E13 /* Debug */,
				BDD49C982898621F00298E13 /* Release */,
			);
			defaultConfigurationIsVisible = 0;
			defaultConfigurationName = Release;
		};
		BDD49C992898621F00298E13 /* Build configuration list for PBXNativeTarget "ToDoYourPart" */ = {
			isa = XCConfigurationList;
			buildConfigurations = (
				BDD49C9A2898621F00298E13 /* Debug */,
				BDD49C9B2898621F00298E13 /* Release */,
			);
			defaultConfigurationIsVisible = 0;
			defaultConfigurationName = Release;
		};
		BDD49C9C2898621F00298E13 /* Build configuration list for PBXNativeTarget "ToDoYourPartTests" */ = {
			isa = XCConfigurationList;
			buildConfigurations = (
				BDD49C9D2898621F00298E13 /* Debug */,
				BDD49C9E2898621F00298E13 /* Release */,
			);
			defaultConfigurationIsVisible = 0;
			defaultConfigurationName = Release;
		};
		BDD49C9F2898621F00298E13 /* Build configuration list for PBXNativeTarget "ToDoYourPartUITests" */ = {
			isa = XCConfigurationList;
			buildConfigurations = (
				BDD49CA02898621F00298E13 /* Debug */,
				BDD49CA12898621F00298E13 /* Release */,
			);
			defaultConfigurationIsVisible = 0;
			defaultConfigurationName = Release;
		};
/* End XCConfigurationList section */

/* Begin XCVersionGroup section */
		BDD49C782898621E00298E13 /* ToDoYourPart.xcdatamodeld */ = {
			isa = XCVersionGroup;
			children = (
				BDD49C792898621E00298E13 /* ToDoYourPart.xcdatamodel */,
			);
			currentVersion = BDD49C792898621E00298E13 /* ToDoYourPart.xcdatamodel */;
			path = ToDoYourPart.xcdatamodeld;
			sourceTree = "<group>";
			versionGroupType = wrapper.xcdatamodel;
		};
/* End XCVersionGroup section */
	};
	rootObject = BDD49C642898621E00298E13 /* Project object */;
}
